
Microsoft Visual Studio Solution File, Format Version 12.00
# Visual Studio Version 16
VisualStudioVersion = 16.0.31727.386
MinimumVisualStudioVersion = 10.0.40219.1
Project("{FAE04EC0-301F-11D3-BF4B-00C04F79EFBC}") = "AppSemana6.Android", "AppSemana6\AppSemana6.Android\AppSemana6.Android.csproj", "{EA93BE11-5715-4498-93E5-72C4EBA4F23F}"
EndProject
Project("{FAE04EC0-301F-11D3-BF4B-00C04F79EFBC}") = "AppSemana6.iOS", "AppSemana6\AppSemana6.iOS\AppSemana6.iOS.csproj", "{81A771A9-A9A6-4316-9B35-923692E22E81}"
EndProject
Project("{FAE04EC0-301F-11D3-BF4B-00C04F79EFBC}") = "AppSemana6", "AppSemana6\AppSemana6\AppSemana6.csproj", "{74A0E415-EFBE-4715-B9E5-537B8A9F4BD8}"
EndProject
Global
	GlobalSection(SolutionConfigurationPlatforms) = preSolution
		Debug|Any CPU = Debug|Any CPU
		Debug|iPhone = Debug|iPhone
		Debug|iPhoneSimulator = Debug|iPhoneSimulator
		Release|Any CPU = Release|Any CPU
		Release|iPhone = Release|iPhone
		Release|iPhoneSimulator = Release|iPhoneSimulator
	EndGlobalSection
	GlobalSection(ProjectConfigurationPlatforms) = postSolution
		{EA93BE11-5715-4498-93E5-72C4EBA4F23F}.Debug|Any CPU.ActiveCfg = Debug|Any CPU
		{EA93BE11-5715-4498-93E5-72C4EBA4F23F}.Debug|Any CPU.Build.0 = Debug|Any CPU
		{EA93BE11-5715-4498-93E5-72C4EBA4F23F}.Debug|Any CPU.Deploy.0 = Debug|Any CPU
		{EA93BE11-5715-4498-93E5-72C4EBA4F23F}.Debug|iPhone.ActiveCfg = Debug|Any CPU
		{EA93BE11-5715-4498-93E5-72C4EBA4F23F}.Debug|iPhone.Build.0 = Debug|Any CPU
		{EA93BE11-5715-4498-93E5-72C4EBA4F23F}.Debug|iPhone.Deploy.0 = Debug|Any CPU
		{EA93BE11-5715-4498-93E5-72C4EBA4F23F}.Debug|iPhoneSimulator.ActiveCfg = Debug|Any CPU
		{EA93BE11-5715-4498-93E5-72C4EBA4F23F}.Debug|iPhoneSimulator.Build.0 = Debug|Any CPU
		{EA93BE11-5715-4498-93E5-72C4EBA4F23F}.Debug|iPhoneSimulator.Deploy.0 = Debug|Any CPU
		{EA93BE11-5715-4498-93E5-72C4EBA4F23F}.Release|Any CPU.ActiveCfg = Release|Any CPU
		{EA93BE11-5715-4498-93E5-72C4EBA4F23F}.Release|Any CPU.Build.0 = Release|Any CPU
		{EA93BE11-5715-4498-93E5-72C4EBA4F23F}.Release|Any CPU.Deploy.0 = Release|Any CPU
		{EA93BE11-5715-4498-93E5-72C4EBA4F23F}.Release|iPhone.ActiveCfg = Release|Any CPU
		{EA93BE11-5715-4498-93E5-72C4EBA4F23F}.Release|iPhone.Build.0 = Release|Any CPU
		{EA93BE11-5715-4498-93E5-72C4EBA4F23F}.Release|iPhone.Deploy.0 = Release|Any CPU
		{EA93BE11-5715-4498-93E5-72C4EBA4F23F}.Release|iPhoneSimulator.ActiveCfg = Release|Any CPU
		{EA93BE11-5715-4498-93E5-72C4EBA4F23F}.Release|iPhoneSimulator.Build.0 = Release|Any CPU
		{EA93BE11-5715-4498-93E5-72C4EBA4F23F}.Release|iPhoneSimulator.Deploy.0 = Release|Any CPU
		{81A771A9-A9A6-4316-9B35-923692E22E81}.Debug|Any CPU.ActiveCfg = Debug|iPhone
		{81A771A9-A9A6-4316-9B35-923692E22E81}.Debug|Any CPU.Build.0 = Debug|iPhone
		{81A771A9-A9A6-4316-9B35-923692E22E81}.Debug|Any CPU.Deploy.0 = Debug|iPhone
		{81A771A9-A9A6-4316-9B35-923692E22E81}.Debug|iPhone.ActiveCfg = Debug|iPhone
		{81A771A9-A9A6-4316-9B35-923692E22E81}.Debug|iPhone.Build.0 = Debug|iPhone
		{81A771A9-A9A6-4316-9B35-923692E22E81}.Debug|iPhone.Deploy.0 = Debug|iPhone
		{81A771A9-A9A6-4316-9B35-923692E22E81}.Debug|iPhoneSimulator.ActiveCfg = Debug|iPhoneSimulator
		{81A771A9-A9A6-4316-9B35-923692E22E81}.Debug|iPhoneSimulator.Build.0 = Debug|iPhoneSimulator
		{81A771A9-A9A6-4316-9B35-923692E22E81}.Debug|iPhoneSimulator.Deploy.0 = Debug|iPhoneSimulator
		{81A771A9-A9A6-4316-9B35-923692E22E81}.Release|Any CPU.ActiveCfg = Release|iPhoneSimulator
		{81A771A9-A9A6-4316-9B35-923692E22E81}.Release|Any CPU.Build.0 = Release|iPhoneSimulator
		{81A771A9-A9A6-4316-9B35-923692E22E81}.Release|Any CPU.Deploy.0 = Release|iPhoneSimulator
		{81A771A9-A9A6-4316-9B35-923692E22E81}.Release|iPhone.ActiveCfg = Release|iPhone
		{81A771A9-A9A6-4316-9B35-923692E22E81}.Release|iPhone.Build.0 = Release|iPhone
		{81A771A9-A9A6-4316-9B35-923692E22E81}.Release|iPhone.Deploy.0 = Release|iPhone
		{81A771A9-A9A6-4316-9B35-923692E22E81}.Release|iPhoneSimulator.ActiveCfg = Release|iPhoneSimulator
		{81A771A9-A9A6-4316-9B35-923692E22E81}.Release|iPhoneSimulator.Build.0 = Release|iPhoneSimulator
		{81A771A9-A9A6-4316-9B35-923692E22E81}.Release|iPhoneSimulator.Deploy.0 = Release|iPhoneSimulator
		{74A0E415-EFBE-4715-B9E5-537B8A9F4BD8}.Debug|Any CPU.ActiveCfg = Debug|Any CPU
		{74A0E415-EFBE-4715-B9E5-537B8A9F4BD8}.Debug|Any CPU.Build.0 = Debug|Any CPU
		{74A0E415-EFBE-4715-B9E5-537B8A9F4BD8}.Debug|Any CPU.Deploy.0 = Debug|Any CPU
		{74A0E415-EFBE-4715-B9E5-537B8A9F4BD8}.Debug|iPhone.ActiveCfg = Debug|Any CPU
		{74A0E415-EFBE-4715-B9E5-537B8A9F4BD8}.Debug|iPhone.Build.0 = Debug|Any CPU
		{74A0E415-EFBE-4715-B9E5-537B8A9F4BD8}.Debug|iPhone.Deploy.0 = Debug|Any CPU
		{74A0E415-EFBE-4715-B9E5-537B8A9F4BD8}.Debug|iPhoneSimulator.ActiveCfg = Debug|Any CPU
		{74A0E415-EFBE-4715-B9E5-537B8A9F4BD8}.Debug|iPhoneSimulator.Build.0 = Debug|Any CPU
		{74A0E415-EFBE-4715-B9E5-537B8A9F4BD8}.Debug|iPhoneSimulator.Deploy.0 = Debug|Any CPU
		{74A0E415-EFBE-4715-B9E5-537B8A9F4BD8}.Release|Any CPU.ActiveCfg = Release|Any CPU
		{74A0E415-EFBE-4715-B9E5-537B8A9F4BD8}.Release|Any CPU.Build.0 = Release|Any CPU
		{74A0E415-EFBE-4715-B9E5-537B8A9F4BD8}.Release|Any CPU.Deploy.0 = Release|Any CPU
		{74A0E415-EFBE-4715-B9E5-537B8A9F4BD8}.Release|iPhone.ActiveCfg = Release|Any CPU
		{74A0E415-EFBE-4715-B9E5-537B8A9F4BD8}.Release|iPhone.Build.0 = Release|Any CPU
		{74A0E415-EFBE-4715-B9E5-537B8A9F4BD8}.Release|iPhone.Deploy.0 = Release|Any CPU
		{74A0E415-EFBE-4715-B9E5-537B8A9F4BD8}.Release|iPhoneSimulator.ActiveCfg = Release|Any CPU
		{74A0E415-EFBE-4715-B9E5-537B8A9F4BD8}.Release|iPhoneSimulator.Build.0 = Release|Any CPU
		{74A0E415-EFBE-4715-B9E5-537B8A9F4BD8}.Release|iPhoneSimulator.Deploy.0 = Release|Any CPU
	EndGlobalSection
	GlobalSection(SolutionProperties) = preSolution
		HideSolutionNode = FALSE
	EndGlobalSection
	GlobalSection(ExtensibilityGlobals) = postSolution
		SolutionGuid = {C65AFDCD-8BB7-41EF-AC16-0B56E4C6ABBE}
	EndGlobalSection
EndGlobal
